
Microsoft Visual Studio Solution File, Format Version 12.00
# Visual Studio Version 16
VisualStudioVersion = 16.0.30114.105
MinimumVisualStudioVersion = 10.0.40219.1
Project("{FAE04EC0-301F-11D3-BF4B-00C04F79EFBC}") = "Infrastrutura", "Infrastrutura\Infrastrutura.csproj", "{383E4BBF-4798-419F-A1A5-3D65A5B82588}"
EndProject
Project("{FAE04EC0-301F-11D3-BF4B-00C04F79EFBC}") = "TestCustomerService", "TestCustomerService\TestCustomerService.csproj", "{7AD9E864-E43B-4F8C-9205-C89B6DEA5D9C}"
EndProject
Project("{FAE04EC0-301F-11D3-BF4B-00C04F79EFBC}") = "WebMVC", "WebMVC\WebMVC.csproj", "{805BC420-DD65-4EAC-9DC8-9801445F507F}"
EndProject
Global
	GlobalSection(SolutionConfigurationPlatforms) = preSolution
		Debug|Any CPU = Debug|Any CPU
		Release|Any CPU = Release|Any CPU
	EndGlobalSection
	GlobalSection(ProjectConfigurationPlatforms) = postSolution
		{383E4BBF-4798-419F-A1A5-3D65A5B82588}.Debug|Any CPU.ActiveCfg = Debug|Any CPU
		{383E4BBF-4798-419F-A1A5-3D65A5B82588}.Debug|Any CPU.Build.0 = Debug|Any CPU
		{383E4BBF-4798-419F-A1A5-3D65A5B82588}.Release|Any CPU.ActiveCfg = Release|Any CPU
		{383E4BBF-4798-419F-A1A5-3D65A5B82588}.Release|Any CPU.Build.0 = Release|Any CPU
		{7AD9E864-E43B-4F8C-9205-C89B6DEA5D9C}.Debug|Any CPU.ActiveCfg = Debug|Any CPU
		{7AD9E864-E43B-4F8C-9205-C89B6DEA5D9C}.Debug|Any CPU.Build.0 = Debug|Any CPU
		{7AD9E864-E43B-4F8C-9205-C89B6DEA5D9C}.Release|Any CPU.ActiveCfg = Release|Any CPU
		{7AD9E864-E43B-4F8C-9205-C89B6DEA5D9C}.Release|Any CPU.Build.0 = Release|Any CPU
		{805BC420-DD65-4EAC-9DC8-9801445F507F}.Debug|Any CPU.ActiveCfg = Debug|Any CPU
		{805BC420-DD65-4EAC-9DC8-9801445F507F}.Debug|Any CPU.Build.0 = Debug|Any CPU
		{805BC420-DD65-4EAC-9DC8-9801445F507F}.Release|Any CPU.ActiveCfg = Release|Any CPU
		{805BC420-DD65-4EAC-9DC8-9801445F507F}.Release|Any CPU.Build.0 = Release|Any CPU
	EndGlobalSection
	GlobalSection(SolutionProperties) = preSolution
		HideSolutionNode = FALSE
	EndGlobalSection
	GlobalSection(ExtensibilityGlobals) = postSolution
		SolutionGuid = {06D06E6D-EEB4-403B-BA45-65EC8ED77433}
	EndGlobalSection
EndGlobal
